// !$*UTF8*$!
{
	archiveVersion = 1;
	classes = {
	};
	objectVersion = 55;
	objects = {

/* Begin PBXBuildFile section */
		E20AF5D7CC35440DFDD18CD5 /* libPods-PrismaMedia.a in Frameworks */ = {isa = PBXBuildFile; fileRef = 099890EC4369662AAA653686 /* libPods-PrismaMedia.a */; };
		E960267B2832FD9D005BE1D0 /* AppDelegate.swift in Sources */ = {isa = PBXBuildFile; fileRef = E960267A2832FD9D005BE1D0 /* AppDelegate.swift */; };
		E960267D2832FD9D005BE1D0 /* SceneDelegate.swift in Sources */ = {isa = PBXBuildFile; fileRef = E960267C2832FD9D005BE1D0 /* SceneDelegate.swift */; };
		E960267F2832FD9D005BE1D0 /* UsersViewController.swift in Sources */ = {isa = PBXBuildFile; fileRef = E960267E2832FD9D005BE1D0 /* UsersViewController.swift */; };
		E96026822832FD9D005BE1D0 /* Main.storyboard in Resources */ = {isa = PBXBuildFile; fileRef = E96026802832FD9D005BE1D0 /* Main.storyboard */; };
		E96026842832FD9F005BE1D0 /* Assets.xcassets in Resources */ = {isa = PBXBuildFile; fileRef = E96026832832FD9F005BE1D0 /* Assets.xcassets */; };
		E96026872832FD9F005BE1D0 /* LaunchScreen.storyboard in Resources */ = {isa = PBXBuildFile; fileRef = E96026852832FD9F005BE1D0 /* LaunchScreen.storyboard */; };
		E9C3C5552836CF38005CBCC2 /* APIModel.swift in Sources */ = {isa = PBXBuildFile; fileRef = E9C3C5542836CF38005CBCC2 /* APIModel.swift */; };
		E9C3C5582836CFC0005CBCC2 /* UsersViewModel.swift in Sources */ = {isa = PBXBuildFile; fileRef = E9C3C5572836CFC0005CBCC2 /* UsersViewModel.swift */; };
		E9C3C55A2836D158005CBCC2 /* Fetcher.swift in Sources */ = {isa = PBXBuildFile; fileRef = E9C3C5592836D158005CBCC2 /* Fetcher.swift */; };
		E9C3C55C2836D42F005CBCC2 /* DetailUserViewController.swift in Sources */ = {isa = PBXBuildFile; fileRef = E9C3C55B2836D42F005CBCC2 /* DetailUserViewController.swift */; };
		E9C3C55E2836D44D005CBCC2 /* DetailUserViewModel.swift in Sources */ = {isa = PBXBuildFile; fileRef = E9C3C55D2836D44D005CBCC2 /* DetailUserViewModel.swift */; };
		E9C3C5612836E068005CBCC2 /* Notification+Addition.swift in Sources */ = {isa = PBXBuildFile; fileRef = E9C3C5602836E068005CBCC2 /* Notification+Addition.swift */; };
/* End PBXBuildFile section */

/* Begin PBXFileReference section */
		099890EC4369662AAA653686 /* libPods-PrismaMedia.a */ = {isa = PBXFileReference; explicitFileType = archive.ar; includeInIndex = 0; path = "libPods-PrismaMedia.a"; sourceTree = BUILT_PRODUCTS_DIR; };
		2C430FCCF1E4A4A36CC3D183 /* Pods-PrismaMedia.release.xcconfig */ = {isa = PBXFileReference; includeInIndex = 1; lastKnownFileType = text.xcconfig; name = "Pods-PrismaMedia.release.xcconfig"; path = "Target Support Files/Pods-PrismaMedia/Pods-PrismaMedia.release.xcconfig"; sourceTree = "<group>"; };
		90C49E044F869060BD67633B /* Pods-PrismaMedia.debug.xcconfig */ = {isa = PBXFileReference; includeInIndex = 1; lastKnownFileType = text.xcconfig; name = "Pods-PrismaMedia.debug.xcconfig"; path = "Target Support Files/Pods-PrismaMedia/Pods-PrismaMedia.debug.xcconfig"; sourceTree = "<group>"; };
		E96026772832FD9D005BE1D0 /* PrismaMedia.app */ = {isa = PBXFileReference; explicitFileType = wrapper.application; includeInIndex = 0; path = PrismaMedia.app; sourceTree = BUILT_PRODUCTS_DIR; };
		E960267A2832FD9D005BE1D0 /* AppDelegate.swift */ = {isa = PBXFileReference; lastKnownFileType = sourcecode.swift; path = AppDelegate.swift; sourceTree = "<group>"; };
		E960267C2832FD9D005BE1D0 /* SceneDelegate.swift */ = {isa = PBXFileReference; lastKnownFileType = sourcecode.swift; path = SceneDelegate.swift; sourceTree = "<group>"; };
		E960267E2832FD9D005BE1D0 /* UsersViewController.swift */ = {isa = PBXFileReference; lastKnownFileType = sourcecode.swift; path = UsersViewController.swift; sourceTree = "<group>"; };
		E96026812832FD9D005BE1D0 /* Base */ = {isa = PBXFileReference; lastKnownFileType = file.storyboard; name = Base; path = Base.lproj/Main.storyboard; sourceTree = "<group>"; };
		E96026832832FD9F005BE1D0 /* Assets.xcassets */ = {isa = PBXFileReference; lastKnownFileType = folder.assetcatalog; path = Assets.xcassets; sourceTree = "<group>"; };
		E96026862832FD9F005BE1D0 /* Base */ = {isa = PBXFileReference; lastKnownFileType = file.storyboard; name = Base; path = Base.lproj/LaunchScreen.storyboard; sourceTree = "<group>"; };
		E96026882832FD9F005BE1D0 /* Info.plist */ = {isa = PBXFileReference; lastKnownFileType = text.plist.xml; path = Info.plist; sourceTree = "<group>"; };
		E9C3C5542836CF38005CBCC2 /* APIModel.swift */ = {isa = PBXFileReference; lastKnownFileType = sourcecode.swift; path = APIModel.swift; sourceTree = "<group>"; };
		E9C3C5572836CFC0005CBCC2 /* UsersViewModel.swift */ = {isa = PBXFileReference; lastKnownFileType = sourcecode.swift; path = UsersViewModel.swift; sourceTree = "<group>"; };
		E9C3C5592836D158005CBCC2 /* Fetcher.swift */ = {isa = PBXFileReference; lastKnownFileType = sourcecode.swift; path = Fetcher.swift; sourceTree = "<group>"; };
		E9C3C55B2836D42F005CBCC2 /* DetailUserViewController.swift */ = {isa = PBXFileReference; lastKnownFileType = sourcecode.swift; path = DetailUserViewController.swift; sourceTree = "<group>"; };
		E9C3C55D2836D44D005CBCC2 /* DetailUserViewModel.swift */ = {isa = PBXFileReference; lastKnownFileType = sourcecode.swift; path = DetailUserViewModel.swift; sourceTree = "<group>"; };
		E9C3C5602836E068005CBCC2 /* Notification+Addition.swift */ = {isa = PBXFileReference; lastKnownFileType = sourcecode.swift; path = "Notification+Addition.swift"; sourceTree = "<group>"; };
/* End PBXFileReference section */

/* Begin PBXFrameworksBuildPhase section */
		E96026742832FD9D005BE1D0 /* Frameworks */ = {
			isa = PBXFrameworksBuildPhase;
			buildActionMask = 2147483647;
			files = (
				E20AF5D7CC35440DFDD18CD5 /* libPods-PrismaMedia.a in Frameworks */,
			);
			runOnlyForDeploymentPostprocessing = 0;
		};
/* End PBXFrameworksBuildPhase section */

/* Begin PBXGroup section */
		E9185A09283795FC00F02A6F /* Storyboard */ = {
			isa = PBXGroup;
			children = (
				E96026802832FD9D005BE1D0 /* Main.storyboard */,
				E96026852832FD9F005BE1D0 /* LaunchScreen.storyboard */,
			);
			path = Storyboard;
			sourceTree = "<group>";
		};
		E960266E2832FD9D005BE1D0 = {
			isa = PBXGroup;
			children = (
				E96026792832FD9D005BE1D0 /* PrismaMedia */,
				E96026782832FD9D005BE1D0 /* Products */,
				F407E3D1E0BEE312F118F6B8 /* Pods */,
				EE4E2D9D38E78E7A47D33BEF /* Frameworks */,
			);
			sourceTree = "<group>";
		};
		E96026782832FD9D005BE1D0 /* Products */ = {
			isa = PBXGroup;
			children = (
				E96026772832FD9D005BE1D0 /* PrismaMedia.app */,
			);
			name = Products;
			sourceTree = "<group>";
		};
		E96026792832FD9D005BE1D0 /* PrismaMedia */ = {
			isa = PBXGroup;
			children = (
				E9185A09283795FC00F02A6F /* Storyboard */,
				E9C3C55F2836E056005CBCC2 /* Extension */,
				E9C3C5562836CFB8005CBCC2 /* ViewModel */,
				E9C3C5532836CF25005CBCC2 /* Network */,
				E9C3C5522836CF1E005CBCC2 /* View */,
				E9C3C5512836CF19005CBCC2 /* Model */,
				E960267A2832FD9D005BE1D0 /* AppDelegate.swift */,
				E960267C2832FD9D005BE1D0 /* SceneDelegate.swift */,
				E96026832832FD9F005BE1D0 /* Assets.xcassets */,
				E96026882832FD9F005BE1D0 /* Info.plist */,
			);
			path = PrismaMedia;
			sourceTree = "<group>";
		};
		E9C3C5512836CF19005CBCC2 /* Model */ = {
			isa = PBXGroup;
			children = (
				E9C3C5542836CF38005CBCC2 /* APIModel.swift */,
			);
			path = Model;
			sourceTree = "<group>";
		};
		E9C3C5522836CF1E005CBCC2 /* View */ = {
			isa = PBXGroup;
			children = (
				E960267E2832FD9D005BE1D0 /* UsersViewController.swift */,
				E9C3C55B2836D42F005CBCC2 /* DetailUserViewController.swift */,
			);
			path = View;
			sourceTree = "<group>";
		};
		E9C3C5532836CF25005CBCC2 /* Network */ = {
			isa = PBXGroup;
			children = (
				E9C3C5592836D158005CBCC2 /* Fetcher.swift */,
			);
			path = Network;
			sourceTree = "<group>";
		};
		E9C3C5562836CFB8005CBCC2 /* ViewModel */ = {
			isa = PBXGroup;
			children = (
				E9C3C5572836CFC0005CBCC2 /* UsersViewModel.swift */,
				E9C3C55D2836D44D005CBCC2 /* DetailUserViewModel.swift */,
			);
			path = ViewModel;
			sourceTree = "<group>";
		};
		E9C3C55F2836E056005CBCC2 /* Extension */ = {
			isa = PBXGroup;
			children = (
				E9C3C5602836E068005CBCC2 /* Notification+Addition.swift */,
			);
			path = Extension;
			sourceTree = "<group>";
		};
		EE4E2D9D38E78E7A47D33BEF /* Frameworks */ = {
			isa = PBXGroup;
			children = (
				099890EC4369662AAA653686 /* libPods-PrismaMedia.a */,
			);
			name = Frameworks;
			sourceTree = "<group>";
		};
		F407E3D1E0BEE312F118F6B8 /* Pods */ = {
			isa = PBXGroup;
			children = (
				90C49E044F869060BD67633B /* Pods-PrismaMedia.debug.xcconfig */,
				2C430FCCF1E4A4A36CC3D183 /* Pods-PrismaMedia.release.xcconfig */,
			);
			path = Pods;
			sourceTree = "<group>";
		};
/* End PBXGroup section */

/* Begin PBXNativeTarget section */
		E96026762832FD9D005BE1D0 /* PrismaMedia */ = {
			isa = PBXNativeTarget;
			buildConfigurationList = E960268B2832FD9F005BE1D0 /* Build configuration list for PBXNativeTarget "PrismaMedia" */;
			buildPhases = (
				A000A03EA8AC604C36841463 /* [CP] Check Pods Manifest.lock */,
				E96026732832FD9D005BE1D0 /* Sources */,
				E96026742832FD9D005BE1D0 /* Frameworks */,
				E96026752832FD9D005BE1D0 /* Resources */,
			);
			buildRules = (
			);
			dependencies = (
			);
			name = PrismaMedia;
			productName = PrismaMedia;
			productReference = E96026772832FD9D005BE1D0 /* PrismaMedia.app */;
			productType = "com.apple.product-type.application";
		};
/* End PBXNativeTarget section */

/* Begin PBXProject section */
		E960266F2832FD9D005BE1D0 /* Project object */ = {
			isa = PBXProject;
			attributes = {
				BuildIndependentTargetsInParallel = 1;
				LastSwiftUpdateCheck = 1330;
				LastUpgradeCheck = 1330;
				TargetAttributes = {
					E96026762832FD9D005BE1D0 = {
						CreatedOnToolsVersion = 13.3.1;
					};
				};
			};
			buildConfigurationList = E96026722832FD9D005BE1D0 /* Build configuration list for PBXProject "PrismaMedia" */;
			compatibilityVersion = "Xcode 13.0";
			developmentRegion = en;
			hasScannedForEncodings = 0;
			knownRegions = (
				en,
				Base,
			);
			mainGroup = E960266E2832FD9D005BE1D0;
			productRefGroup = E96026782832FD9D005BE1D0 /* Products */;
			projectDirPath = "";
			projectRoot = "";
			targets = (
				E96026762832FD9D005BE1D0 /* PrismaMedia */,
			);
		};
/* End PBXProject section */

/* Begin PBXResourcesBuildPhase section */
		E96026752832FD9D005BE1D0 /* Resources */ = {
			isa = PBXResourcesBuildPhase;
			buildActionMask = 2147483647;
			files = (
				E96026872832FD9F005BE1D0 /* LaunchScreen.storyboard in Resources */,
				E96026842832FD9F005BE1D0 /* Assets.xcassets in Resources */,
				E96026822832FD9D005BE1D0 /* Main.storyboard in Resources */,
			);
			runOnlyForDeploymentPostprocessing = 0;
		};
/* End PBXResourcesBuildPhase section */

/* Begin PBXShellScriptBuildPhase section */
		A000A03EA8AC604C36841463 /* [CP] Check Pods Manifest.lock */ = {
			isa = PBXShellScriptBuildPhase;
			buildActionMask = 2147483647;
			files = (
			);
			inputFileListPaths = (
			);
			inputPaths = (
				"${PODS_PODFILE_DIR_PATH}/Podfile.lock",
				"${PODS_ROOT}/Manifest.lock",
			);
			name = "[CP] Check Pods Manifest.lock";
			outputFileListPaths = (
			);
			outputPaths = (
				"$(DERIVED_FILE_DIR)/Pods-PrismaMedia-checkManifestLockResult.txt",
			);
			runOnlyForDeploymentPostprocessing = 0;
			shellPath = /bin/sh;
			shellScript = "diff \"${PODS_PODFILE_DIR_PATH}/Podfile.lock\" \"${PODS_ROOT}/Manifest.lock\" > /dev/null\nif [ $? != 0 ] ; then\n    # print error to STDERR\n    echo \"error: The sandbox is not in sync with the Podfile.lock. Run 'pod install' or update your CocoaPods installation.\" >&2\n    exit 1\nfi\n# This output is used by Xcode 'outputs' to avoid re-running this script phase.\necho \"SUCCESS\" > \"${SCRIPT_OUTPUT_FILE_0}\"\n";
			showEnvVarsInLog = 0;
		};
/* End PBXShellScriptBuildPhase section */

/* Begin PBXSourcesBuildPhase section */
		E96026732832FD9D005BE1D0 /* Sources */ = {
			isa = PBXSourcesBuildPhase;
			buildActionMask = 2147483647;
			files = (
				E9C3C55A2836D158005CBCC2 /* Fetcher.swift in Sources */,
				E960267F2832FD9D005BE1D0 /* UsersViewController.swift in Sources */,
				E9C3C55C2836D42F005CBCC2 /* DetailUserViewController.swift in Sources */,
				E9C3C5582836CFC0005CBCC2 /* UsersViewModel.swift in Sources */,
				E9C3C55E2836D44D005CBCC2 /* DetailUserViewModel.swift in Sources */,
				E9C3C5612836E068005CBCC2 /* Notification+Addition.swift in Sources */,
				E960267B2832FD9D005BE1D0 /* AppDelegate.swift in Sources */,
				E960267D2832FD9D005BE1D0 /* SceneDelegate.swift in Sources */,
				E9C3C5552836CF38005CBCC2 /* APIModel.swift in Sources */,
			);
			runOnlyForDeploymentPostprocessing = 0;
		};
/* End PBXSourcesBuildPhase section */

/* Begin PBXVariantGroup section */
		E96026802832FD9D005BE1D0 /* Main.storyboard */ = {
			isa = PBXVariantGroup;
			children = (
				E96026812832FD9D005BE1D0 /* Base */,
			);
			name = Main.storyboard;
			sourceTree = "<group>";
		};
		E96026852832FD9F005BE1D0 /* LaunchScreen.storyboard */ = {
			isa = PBXVariantGroup;
			children = (
				E96026862832FD9F005BE1D0 /* Base */,
			);
			name = LaunchScreen.storyboard;
			sourceTree = "<group>";
		};
/* End PBXVariantGroup section */

/* Begin XCBuildConfiguration section */
		E96026892832FD9F005BE1D0 /* Debug */ = {
			isa = XCBuildConfiguration;
			buildSettings = {
				ALWAYS_SEARCH_USER_PATHS = NO;
				CLANG_ANALYZER_NONNULL = YES;
				CLANG_ANALYZER_NUMBER_OBJECT_CONVERSION = YES_AGGRESSIVE;
				CLANG_CXX_LANGUAGE_STANDARD = "gnu++17";
				CLANG_ENABLE_MODULES = YES;
				CLANG_ENABLE_OBJC_ARC = YES;
				CLANG_ENABLE_OBJC_WEAK = YES;
				CLANG_WARN_BLOCK_CAPTURE_AUTORELEASING = YES;
				CLANG_WARN_BOOL_CONVERSION = YES;
				CLANG_WARN_COMMA = YES;
				CLANG_WARN_CONSTANT_CONVERSION = YES;
				CLANG_WARN_DEPRECATED_OBJC_IMPLEMENTATIONS = YES;
				CLANG_WARN_DIRECT_OBJC_ISA_USAGE = YES_ERROR;
				CLANG_WARN_DOCUMENTATION_COMMENTS = YES;
				CLANG_WARN_EMPTY_BODY = YES;
				CLANG_WARN_ENUM_CONVERSION = YES;
				CLANG_WARN_INFINITE_RECURSION = YES;
				CLANG_WARN_INT_CONVERSION = YES;
				CLANG_WARN_NON_LITERAL_NULL_CONVERSION = YES;
				CLANG_WARN_OBJC_IMPLICIT_RETAIN_SELF = YES;
				CLANG_WARN_OBJC_LITERAL_CONVERSION = YES;
				CLANG_WARN_OBJC_ROOT_CLASS = YES_ERROR;
				CLANG_WARN_QUOTED_INCLUDE_IN_FRAMEWORK_HEADER = YES;
				CLANG_WARN_RANGE_LOOP_ANALYSIS = YES;
				CLANG_WARN_STRICT_PROTOTYPES = YES;
				CLANG_WARN_SUSPICIOUS_MOVE = YES;
				CLANG_WARN_UNGUARDED_AVAILABILITY = YES_AGGRESSIVE;
				CLANG_WARN_UNREACHABLE_CODE = YES;
				CLANG_WARN__DUPLICATE_METHOD_MATCH = YES;
				COPY_PHASE_STRIP = NO;
				DEBUG_INFORMATION_FORMAT = dwarf;
				ENABLE_STRICT_OBJC_MSGSEND = YES;
				ENABLE_TESTABILITY = YES;
				GCC_C_LANGUAGE_STANDARD = gnu11;
				GCC_DYNAMIC_NO_PIC = NO;
				GCC_NO_COMMON_BLOCKS = YES;
				GCC_OPTIMIZATION_LEVEL = 0;
				GCC_PREPROCESSOR_DEFINITIONS = (
					"DEBUG=1",
					"$(inherited)",
				);
				GCC_WARN_64_TO_32_BIT_CONVERSION = YES;
				GCC_WARN_ABOUT_RETURN_TYPE = YES_ERROR;
				GCC_WARN_UNDECLARED_SELECTOR = YES;
				GCC_WARN_UNINITIALIZED_AUTOS = YES_AGGRESSIVE;
				GCC_WARN_UNUSED_FUNCTION = YES;
				GCC_WARN_UNUSED_VARIABLE = YES;
				IPHONEOS_DEPLOYMENT_TARGET = 13.0;
				MTL_ENABLE_DEBUG_INFO = INCLUDE_SOURCE;
				MTL_FAST_MATH = YES;
				ONLY_ACTIVE_ARCH = YES;
				SDKROOT = iphoneos;
				SWIFT_ACTIVE_COMPILATION_CONDITIONS = DEBUG;
				SWIFT_OPTIMIZATION_LEVEL = "-Onone";
			};
			name = Debug;
		};
		E960268A2832FD9F005BE1D0 /* Release */ = {
			isa = XCBuildConfiguration;
			buildSettings = {
				ALWAYS_SEARCH_USER_PATHS = NO;
				CLANG_ANALYZER_NONNULL = YES;
				CLANG_ANALYZER_NUMBER_OBJECT_CONVERSION = YES_AGGRESSIVE;
				CLANG_CXX_LANGUAGE_STANDARD = "gnu++17";
				CLANG_ENABLE_MODULES = YES;
				CLANG_ENABLE_OBJC_ARC = YES;
				CLANG_ENABLE_OBJC_WEAK = YES;
				CLANG_WARN_BLOCK_CAPTURE_AUTORELEASING = YES;
				CLANG_WARN_BOOL_CONVERSION = YES;
				CLANG_WARN_COMMA = YES;
				CLANG_WARN_CONSTANT_CONVERSION = YES;
				CLANG_WARN_DEPRECATED_OBJC_IMPLEMENTATIONS = YES;
				CLANG_WARN_DIRECT_OBJC_ISA_USAGE = YES_ERROR;
				CLANG_WARN_DOCUMENTATION_COMMENTS = YES;
				CLANG_WARN_EMPTY_BODY = YES;
				CLANG_WARN_ENUM_CONVERSION = YES;
				CLANG_WARN_INFINITE_RECURSION = YES;
				CLANG_WARN_INT_CONVERSION = YES;
				CLANG_WARN_NON_LITERAL_NULL_CONVERSION = YES;
				CLANG_WARN_OBJC_IMPLICIT_RETAIN_SELF = YES;
				CLANG_WARN_OBJC_LITERAL_CONVERSION = YES;
				CLANG_WARN_OBJC_ROOT_CLASS = YES_ERROR;
				CLANG_WARN_QUOTED_INCLUDE_IN_FRAMEWORK_HEADER = YES;
				CLANG_WARN_RANGE_LOOP_ANALYSIS = YES;
				CLANG_WARN_STRICT_PROTOTYPES = YES;
				CLANG_WARN_SUSPICIOUS_MOVE = YES;
				CLANG_WARN_UNGUARDED_AVAILABILITY = YES_AGGRESSIVE;
				CLANG_WARN_UNREACHABLE_CODE = YES;
				CLANG_WARN__DUPLICATE_METHOD_MATCH = YES;
				COPY_PHASE_STRIP = NO;
				DEBUG_INFORMATION_FORMAT = "dwarf-with-dsym";
				ENABLE_NS_ASSERTIONS = NO;
				ENABLE_STRICT_OBJC_MSGSEND = YES;
				GCC_C_LANGUAGE_STANDARD = gnu11;
				GCC_NO_COMMON_BLOCKS = YES;
				GCC_WARN_64_TO_32_BIT_CONVERSION = YES;
				GCC_WARN_ABOUT_RETURN_TYPE = YES_ERROR;
				GCC_WARN_UNDECLARED_SELECTOR = YES;
				GCC_WARN_UNINITIALIZED_AUTOS = YES_AGGRESSIVE;
				GCC_WARN_UNUSED_FUNCTION = YES;
				GCC_WARN_UNUSED_VARIABLE = YES;
				IPHONEOS_DEPLOYMENT_TARGET = 13.0;
				MTL_ENABLE_DEBUG_INFO = NO;
				MTL_FAST_MATH = YES;
				SDKROOT = iphoneos;
				SWIFT_COMPILATION_MODE = wholemodule;
				SWIFT_OPTIMIZATION_LEVEL = "-O";
				VALIDATE_PRODUCT = YES;
			};
			name = Release;
		};
		E960268C2832FD9F005BE1D0 /* Debug */ = {
			isa = XCBuildConfiguration;
			baseConfigurationReference = 90C49E044F869060BD67633B /* Pods-PrismaMedia.debug.xcconfig */;
			buildSettings = {
				ASSETCATALOG_COMPILER_APPICON_NAME = AppIcon;
				ASSETCATALOG_COMPILER_GLOBAL_ACCENT_COLOR_NAME = AccentColor;
				CODE_SIGN_STYLE = Automatic;
				CURRENT_PROJECT_VERSION = 1;
				DEVELOPMENT_TEAM = UP2A3RVFX4;
				GENERATE_INFOPLIST_FILE = YES;
				INFOPLIST_FILE = PrismaMedia/Info.plist;
				INFOPLIST_KEY_UIApplicationSupportsIndirectInputEvents = YES;
				INFOPLIST_KEY_UILaunchStoryboardName = LaunchScreen;
				INFOPLIST_KEY_UIMainStoryboardFile = Main;
				INFOPLIST_KEY_UISupportedInterfaceOrientations_iPad = "UIInterfaceOrientationPortrait UIInterfaceOrientationPortraitUpsideDown UIInterfaceOrientationLandscapeLeft UIInterfaceOrientationLandscapeRight";
				INFOPLIST_KEY_UISupportedInterfaceOrientations_iPhone = "UIInterfaceOrientationPortrait UIInterfaceOrientationLandscapeLeft UIInterfaceOrientationLandscapeRight";
				IPHONEOS_DEPLOYMENT_TARGET = 13.0;
				LD_RUNPATH_SEARCH_PATHS = (
					"$(inherited)",
					"@executable_path/Frameworks",
				);
				MARKETING_VERSION = 1.0;
				PRODUCT_BUNDLE_IDENTIFIER = com.swifthings.PrismaMedia;
				PRODUCT_NAME = "$(TARGET_NAME)";
				SWIFT_EMIT_LOC_STRINGS = YES;
				SWIFT_VERSION = 5.0;
				TARGETED_DEVICE_FAMILY = 1;
			};
			name = Debug;
		};
		E960268D2832FD9F005BE1D0 /* Release */ = {
			isa = XCBuildConfiguration;
			baseConfigurationReference = 2C430FCCF1E4A4A36CC3D183 /* Pods-PrismaMedia.release.xcconfig */;
			buildSettings = {
				ASSETCATALOG_COMPILER_APPICON_NAME = AppIcon;
				ASSETCATALOG_COMPILER_GLOBAL_ACCENT_COLOR_NAME = AccentColor;
				CODE_SIGN_STYLE = Automatic;
				CURRENT_PROJECT_VERSION = 1;
				DEVELOPMENT_TEAM = UP2A3RVFX4;
				GENERATE_INFOPLIST_FILE = YES;
				INFOPLIST_FILE = PrismaMedia/Info.plist;
				INFOPLIST_KEY_UIApplicationSupportsIndirectInputEvents = YES;
				INFOPLIST_KEY_UILaunchStoryboardName = LaunchScreen;
				INFOPLIST_KEY_UIMainStoryboardFile = Main;
				INFOPLIST_KEY_UISupportedInterfaceOrientations_iPad = "UIInterfaceOrientationPortrait UIInterfaceOrientationPortraitUpsideDown UIInterfaceOrientationLandscapeLeft UIInterfaceOrientationLandscapeRight";
				INFOPLIST_KEY_UISupportedInterfaceOrientations_iPhone = "UIInterfaceOrientationPortrait UIInterfaceOrientationLandscapeLeft UIInterfaceOrientationLandscapeRight";
				IPHONEOS_DEPLOYMENT_TARGET = 13.0;
				LD_RUNPATH_SEARCH_PATHS = (
					"$(inherited)",
					"@executable_path/Frameworks",
				);
				MARKETING_VERSION = 1.0;
				PRODUCT_BUNDLE_IDENTIFIER = com.swifthings.PrismaMedia;
				PRODUCT_NAME = "$(TARGET_NAME)";
				SWIFT_EMIT_LOC_STRINGS = YES;
				SWIFT_VERSION = 5.0;
				TARGETED_DEVICE_FAMILY = 1;
			};
			name = Release;
		};
/* End XCBuildConfiguration section */

/* Begin XCConfigurationList section */
		E96026722832FD9D005BE1D0 /* Build configuration list for PBXProject "PrismaMedia" */ = {
			isa = XCConfigurationList;
			buildConfigurations = (
				E96026892832FD9F005BE1D0 /* Debug */,
				E960268A2832FD9F005BE1D0 /* Release */,
			);
			defaultConfigurationIsVisible = 0;
			defaultConfigurationName = Release;
		};
		E960268B2832FD9F005BE1D0 /* Build configuration list for PBXNativeTarget "PrismaMedia" */ = {
			isa = XCConfigurationList;
			buildConfigurations = (
				E960268C2832FD9F005BE1D0 /* Debug */,
				E960268D2832FD9F005BE1D0 /* Release */,
			);
			defaultConfigurationIsVisible = 0;
			defaultConfigurationName = Release;
		};
/* End XCConfigurationList section */
	};
	rootObject = E960266F2832FD9D005BE1D0 /* Project object */;
}
